github.com/BurntSushi/toml v1.6.0 h1:dRaEfpa2VI55EwlIW72hMRHdWouJeRF7TPYhI+AUQjk=
github.com/BurntSushi/toml v1.6.0/go.mod h1:ukJfTF/6rtPPRCnwkur4qwRxa8vTRFBF0uk2lLoLwho=
github.com/bmatcuk/doublestar/v4 v4.10.0 h1:zU9WiOla1YA122oLM6i4EXvGW62DvKZVxIe6TYWexEs=
github.com/bmatcuk/doublestar/v4 v4.10.0/go.mod h1:xBQ8jztBU6kakFMg+8WGxn0c6z1fTSPVIjEY1Wr7jzc=
github.com/dlclark/regexp2 v1.12.0 h1:0j4c5qQmnC6XOWNjP3PIXURXN2gWx76rd3KvgdPkCz8=
github.com/dlclark/regexp2 v1.12.0/go.mod h1:DHkYz0B9wPfa6wondMfaivmHpzrQ3v9q8cnmRbL6yW8=
github.com/iancoleman/orderedmap v0.3.0 h1:5cbR2grmZR/DiVt+VJopEhtVs9YGInGIxAoMJn+Ichc=
github.com/iancoleman/orderedmap v0.3.0/go.mod h1:XuLcCUkdL5owUCQeF2Ue9uuw1EptkJDkXXS7VoV7XGE=
github.com/mattn/go-shellwords v1.0.14 h1:yUKzIgsCnosndOASY6/enly1EAuaXeFSQ7cdyA3OuYg=
github.com/mattn/go-shellwords v1.0.14/go.mod h1:EZzvwXDESEeg03EKmM+RmDnNOPKG4lLtQsUlTZDWQ8Y=
github.com/pt-main/lc v1.5.6 h1:YLRawKqIIQX4b3hFiPHfgTk7jvv1PRAk8RofWfBG8ZA=
github.com/pt-main/lc v1.5.6/go.mod h1:uUxWI4oiOkia6Tko+cgF+O3fhGZF3of1NSHeTEjOaMU=
github.com/pt-main/lc v1.5.7-f h1:YD9nMphPA62n7ztrgxvA7nTOloDi7rXJPuKL0AD/L84=
github.com/pt-main/lc v1.5.7-f/go.mod h1:uUxWI4oiOkia6Tko+cgF+O3fhGZF3of1NSHeTEjOaMU=
github.com/pt-main/pack v1.1.2 h1:I5mHCd3ax1dR7c7DeOvStpf6tuVNmA4iXgV9RIDfFWM=
github.com/pt-main/pack v1.1.2/go.mod h1:RDJ+eUeINksFnliDhZGGDTxxbTB5aZoQW9nu4Ndz8UY=
github.com/pt-main/pack v1.1.5 h1:v/hmUd/jy8cgf3e7/2PcBKE/v0J7hPplTFoeiCN7Tpc=
github.com/pt-main/pack v1.1.5/go.mod h1:kvGNuw7AZOPGjCujs9gc/CkiYXoC78atKT1sI/hvqFA=
github.com/pt-main/pack v1.1.6 h1:3r5ywoVfGA1dUpfb5OvnTrgergN79p81uowru3b85u8=
github.com/pt-main/pack v1.1.6/go.mod h1:kvGNuw7AZOPGjCujs9gc/CkiYXoC78atKT1sI/hvqFA=
github.com/pt-main/pack v1.2.0 h1:OvUclASpNwkMw96Xr0mzU3x4FWVWCslKuiJOCKKkLPI=
github.com/pt-main/pack v1.2.0/go.mod h1:Se6SUhnOIQ4BblOVHVkOu9fUZxzdd7CSx36G/lNAhIA=
github.com/pt-main/tap v1.4.11 h1:BXMrfXN4ZfX9df6yjYrCYVev9JkIyxNKOns6IaJDczU=
github.com/pt-main/tap v1.4.11/go.mod h1:ULQUJ/+8VIji9oq26pr1cmbXv+VUlhjsvq1n/vd4f3I=
github.com/pt-main/tap v1.4.13 h1:2KeJlw38nM4lOt6T3MZPuqTqp7UWmnGOeF1WfUbrXho=
github.com/pt-main/tap v1.4.13/go.mod h1:ULQUJ/+8VIji9oq26pr1cmbXv+VUlhjsvq1n/vd4f3I=
github.com/pt-main/tap v1.4.14 h1:DbFwrdnu5yqOgIKw1RSDrLNXk68CFNXUlkpi8QqDmOs=
github.com/pt-main/tap v1.4.14/go.mod h1:ULQUJ/+8VIji9oq26pr1cmbXv+VUlhjsvq1n/vd4f3I=
github.com/pt-main/tycl v1.3.8 h1:TU7/axhLYE7l3TGmbvth3AfGQOorwI5uDnSO8FxeD54=
github.com/pt-main/tycl v1.3.8/go.mod h1:zKmXw4/TpgHkz+gYo0D88HtofifVkcdcF3pOWSc4IIQ=
github.com/yuin/gopher-lua v1.1.2 h1:yF/FjE3hD65tBbt0VXLE13HWS9h34fdzJmrWRXwobGA=
github.com/yuin/gopher-lua v1.1.2/go.mod h1:7aRmXIWl37SqRf0koeyylBEzJ+aPt8A+mmkQ4f1ntR8=
gopkg.in/check.v1 v0.0.0-20161208181325-20d25e280405 h1:yhCVgyC4o1eVCa2tZl7eS0r+SDo693bJlVdllGtEeKM=
gopkg.in/check.v1 v0.0.0-20161208181325-20d25e280405/go.mod h1:Co6ibVJAznAaIkqp8huTwlJQCZ016jof/cbN4VW5Yz0=
gopkg.in/yaml.v3 v3.0.1 h1:fxVm/GzAzEWqLHuvctI91KS9hhNmmWOoWu0XTYJS7CA=
gopkg.in/yaml.v3 v3.0.1/go.mod h1:K4uyk7z7BCEPqu6E+C64Yfv1cQ7kz7rIZviUmN+EgEM=
