github.com/BurntSushi/toml v1.6.0 h1:dRaEfpa2VI55EwlIW72hMRHdWouJeRF7TPYhI+AUQjk=
github.com/BurntSushi/toml v1.6.0/go.mod h1:ukJfTF/6rtPPRCnwkur4qwRxa8vTRFBF0uk2lLoLwho=
github.com/dlclark/regexp2 v1.12.0 h1:0j4c5qQmnC6XOWNjP3PIXURXN2gWx76rd3KvgdPkCz8=
github.com/dlclark/regexp2 v1.12.0/go.mod h1:DHkYz0B9wPfa6wondMfaivmHpzrQ3v9q8cnmRbL6yW8=
github.com/mattn/go-shellwords v1.0.14 h1:yUKzIgsCnosndOASY6/enly1EAuaXeFSQ7cdyA3OuYg=
github.com/mattn/go-shellwords v1.0.14/go.mod h1:EZzvwXDESEeg03EKmM+RmDnNOPKG4lLtQsUlTZDWQ8Y=
github.com/pt-main/lc v1.5.4 h1:PLrlu7uvKP4lcNB/xxPghnY91vxxf7X1PJB0vNQskk0=
github.com/pt-main/lc v1.5.4/go.mod h1:uUxWI4oiOkia6Tko+cgF+O3fhGZF3of1NSHeTEjOaMU=
github.com/pt-main/tap v1.4.8 h1:BBT83yIiE08qZNvT32gMfUAjT7We+OjNpuegXUDEjno=
github.com/pt-main/tap v1.4.8/go.mod h1:ULQUJ/+8VIji9oq26pr1cmbXv+VUlhjsvq1n/vd4f3I=
github.com/pt-main/tap v1.4.10 h1:4ROxXKlNAYV6MBjbjZfKM4Dyu2m3RUuTj3/AAYMFKwk=
github.com/pt-main/tap v1.4.10/go.mod h1:ULQUJ/+8VIji9oq26pr1cmbXv+VUlhjsvq1n/vd4f3I=
github.com/pt-main/tycl v1.3.5 h1:QZkZnL1Aa/IHHADVMXaN5sZR/sF4OtuOvSdm8DV9TZI=
github.com/pt-main/tycl v1.3.5/go.mod h1:IIu0EBQkmHRH2b2w2KpYdY3uLfEIFqq9jioOpafJYnU=
github.com/pt-main/tycl v1.3.6 h1:ozHyCzwOTCcb2eZpPVx/AFvq96hwc2WgCfCkeks21to=
github.com/pt-main/tycl v1.3.6/go.mod h1:IIu0EBQkmHRH2b2w2KpYdY3uLfEIFqq9jioOpafJYnU=
github.com/pt-main/tycl v1.3.7 h1:atjOrwIUkoMvCpmOivE+QRvkZq2ePcDuY0uKynmXr1k=
github.com/pt-main/tycl v1.3.7/go.mod h1:IIu0EBQkmHRH2b2w2KpYdY3uLfEIFqq9jioOpafJYnU=
github.com/yuin/gopher-lua v1.1.2 h1:yF/FjE3hD65tBbt0VXLE13HWS9h34fdzJmrWRXwobGA=
github.com/yuin/gopher-lua v1.1.2/go.mod h1:7aRmXIWl37SqRf0koeyylBEzJ+aPt8A+mmkQ4f1ntR8=
gopkg.in/check.v1 v0.0.0-20161208181325-20d25e280405/go.mod h1:Co6ibVJAznAaIkqp8huTwlJQCZ016jof/cbN4VW5Yz0=
gopkg.in/yaml.v3 v3.0.1 h1:fxVm/GzAzEWqLHuvctI91KS9hhNmmWOoWu0XTYJS7CA=
gopkg.in/yaml.v3 v3.0.1/go.mod h1:K4uyk7z7BCEPqu6E+C64Yfv1cQ7kz7rIZviUmN+EgEM=
